
Microsoft Visual Studio Solution File, Format Version 12.00
# Visual Studio Version 17
VisualStudioVersion = 17.9.34616.47
MinimumVisualStudioVersion = 10.0.40219.1
Project("{FAE04EC0-301F-11D3-BF4B-00C04F79EFBC}") = "tpmodul4_1302220105", "tpmodul4_1302220105.csproj", "{090EC74A-EE21-46F3-AE32-65A2CA8D7B30}"
EndProject
Global
	GlobalSection(SolutionConfigurationPlatforms) = preSolution
		Debug|Any CPU = Debug|Any CPU
		Release|Any CPU = Release|Any CPU
	EndGlobalSection
	GlobalSection(ProjectConfigurationPlatforms) = postSolution
		{090EC74A-EE21-46F3-AE32-65A2CA8D7B30}.Debug|Any CPU.ActiveCfg = Debug|Any CPU
		{090EC74A-EE21-46F3-AE32-65A2CA8D7B30}.Debug|Any CPU.Build.0 = Debug|Any CPU
		{090EC74A-EE21-46F3-AE32-65A2CA8D7B30}.Release|Any CPU.ActiveCfg = Release|Any CPU
		{090EC74A-EE21-46F3-AE32-65A2CA8D7B30}.Release|Any CPU.Build.0 = Release|Any CPU
	EndGlobalSection
	GlobalSection(SolutionProperties) = preSolution
		HideSolutionNode = FALSE
	EndGlobalSection
	GlobalSection(ExtensibilityGlobals) = postSolution
		SolutionGuid = {CAD47FAE-6500-4640-AD3F-62EEC0D361DA}
	EndGlobalSection
EndGlobal
